// !$*UTF8*$!
{
	archiveVersion = 1;
	classes = {
	};
	objectVersion = 46;
	objects = {

/* Begin PBXBuildFile section */
		1D3623260D0F684500981E51 /* AppDelegate.m in Sources */ = {isa = PBXBuildFile; fileRef = 1D3623250D0F684500981E51 /* AppDelegate.m */; };
		1D60589B0D05DD56006BFB54 /* main.m in Sources */ = {isa = PBXBuildFile; fileRef = 29B97316FDCFA39411CA2CEA /* main.m */; };
		1D60589F0D05DD5A006BFB54 /* Foundation.framework in Frameworks */ = {isa = PBXBuildFile; fileRef = 1D30AB110D05D00D00671497 /* Foundation.framework */; };
		1DF5F4E00D08C38300B7A737 /* UIKit.framework in Frameworks */ = {isa = PBXBuildFile; fileRef = 1DF5F4DF0D08C38300B7A737 /* UIKit.framework */; };
		288765FD0DF74451002DB57D /* CoreGraphics.framework in Frameworks */ = {isa = PBXBuildFile; fileRef = 288765FC0DF74451002DB57D /* CoreGraphics.framework */; };
		28AD733F0D9D9553002E5188 /* MainWindow.xib in Resources */ = {isa = PBXBuildFile; fileRef = 28AD733E0D9D9553002E5188 /* MainWindow.xib */; };
		8A09DB6811EEB3500079B0C7 /* PartSwitch.m in Sources */ = {isa = PBXBuildFile; fileRef = 8A09DB6711EEB3500079B0C7 /* PartSwitch.m */; };
		8A09DB7911EEBB020079B0C7 /* PartAND.m in Sources */ = {isa = PBXBuildFile; fileRef = 8A09DB7811EEBB020079B0C7 /* PartAND.m */; };
		8A0BF74711DAFCA70065BF45 /* Grid.xib in Resources */ = {isa = PBXBuildFile; fileRef = 8A0BF74611DAFCA70065BF45 /* Grid.xib */; };
		8A0BF74C11DAFCB20065BF45 /* GridController.m in Sources */ = {isa = PBXBuildFile; fileRef = 8A0BF74911DAFCB20065BF45 /* GridController.m */; };
		8A0BF74D11DAFCB20065BF45 /* GridView.m in Sources */ = {isa = PBXBuildFile; fileRef = 8A0BF74B11DAFCB20065BF45 /* GridView.m */; };
		8A0BF7E911DB08FF0065BF45 /* Components.m in Sources */ = {isa = PBXBuildFile; fileRef = 8A0BF7E711DB08FF0065BF45 /* Components.m */; };
		8A0BF7EA11DB08FF0065BF45 /* Components.xib in Resources */ = {isa = PBXBuildFile; fileRef = 8A0BF7E811DB08FF0065BF45 /* Components.xib */; };
		8A0BF80D11DB119F0065BF45 /* Part.m in Sources */ = {isa = PBXBuildFile; fileRef = 8A0BF80C11DB119F0065BF45 /* Part.m */; };
		8A12462411ED4ADC00975AE7 /* CoreText.framework in Frameworks */ = {isa = PBXBuildFile; fileRef = 8A12462311ED4ADC00975AE7 /* CoreText.framework */; };
		8A44E3F611F2557B00474B44 /* CustomUISwitch.m in Sources */ = {isa = PBXBuildFile; fileRef = 8A44E3F511F2557B00474B44 /* CustomUISwitch.m */; };
		8A44E3FD11F2558E00474B44 /* NC_OFF.png in Resources */ = {isa = PBXBuildFile; fileRef = 8A44E3F711F2558E00474B44 /* NC_OFF.png */; };
		8A44E3FE11F2558E00474B44 /* NC_ON.png in Resources */ = {isa = PBXBuildFile; fileRef = 8A44E3F811F2558E00474B44 /* NC_ON.png */; };
		8A44E3FF11F2558E00474B44 /* NC_SWITCH.png in Resources */ = {isa = PBXBuildFile; fileRef = 8A44E3F911F2558E00474B44 /* NC_SWITCH.png */; };
		8A44E40011F2558E00474B44 /* NO_OFF.png in Resources */ = {isa = PBXBuildFile; fileRef = 8A44E3FA11F2558E00474B44 /* NO_OFF.png */; };
		8A44E40111F2558E00474B44 /* NO_ON.png in Resources */ = {isa = PBXBuildFile; fileRef = 8A44E3FB11F2558E00474B44 /* NO_ON.png */; };
		8A44E44C11F25A3F00474B44 /* NO_SWITCH.png in Resources */ = {isa = PBXBuildFile; fileRef = 8A44E44B11F25A3F00474B44 /* NO_SWITCH.png */; };
		8A53577911DDAB3E00E66C9F /* Colours.m in Sources */ = {isa = PBXBuildFile; fileRef = 8A53577811DDAB3E00E66C9F /* Colours.m */; };
		8A6FD00111E2C1ED0028C2E3 /* GridScrollView.m in Sources */ = {isa = PBXBuildFile; fileRef = 8A6FD00011E2C1ED0028C2E3 /* GridScrollView.m */; };
		8AA5CFCB11D5994E0072F787 /* QuartzCore.framework in Frameworks */ = {isa = PBXBuildFile; fileRef = 8AA5CFCA11D5994E0072F787 /* QuartzCore.framework */; };
/* End PBXBuildFile section */

/* Begin PBXFileReference section */
		1D30AB110D05D00D00671497 /* Foundation.framework */ = {isa = PBXFileReference; lastKnownFileType = wrapper.framework; name = Foundation.framework; path = System/Library/Frameworks/Foundation.framework; sourceTree = SDKROOT; };
		1D3623240D0F684500981E51 /* AppDelegate.h */ = {isa = PBXFileReference; fileEncoding = 4; lastKnownFileType = sourcecode.c.h; path = AppDelegate.h; sourceTree = "<group>"; };
		1D3623250D0F684500981E51 /* AppDelegate.m */ = {isa = PBXFileReference; fileEncoding = 4; lastKnownFileType = sourcecode.c.objc; path = AppDelegate.m; sourceTree = "<group>"; };
		1D6058910D05DD3D006BFB54 /* Logical.app */ = {isa = PBXFileReference; explicitFileType = wrapper.application; includeInIndex = 0; path = Logical.app; sourceTree = BUILT_PRODUCTS_DIR; };
		1DF5F4DF0D08C38300B7A737 /* UIKit.framework */ = {isa = PBXFileReference; lastKnownFileType = wrapper.framework; name = UIKit.framework; path = System/Library/Frameworks/UIKit.framework; sourceTree = SDKROOT; };
		288765FC0DF74451002DB57D /* CoreGraphics.framework */ = {isa = PBXFileReference; lastKnownFileType = wrapper.framework; name = CoreGraphics.framework; path = System/Library/Frameworks/CoreGraphics.framework; sourceTree = SDKROOT; };
		28AD733E0D9D9553002E5188 /* MainWindow.xib */ = {isa = PBXFileReference; lastKnownFileType = file.xib; path = MainWindow.xib; sourceTree = "<group>"; };
		29B97316FDCFA39411CA2CEA /* main.m */ = {isa = PBXFileReference; fileEncoding = 4; lastKnownFileType = sourcecode.c.objc; path = main.m; sourceTree = "<group>"; };
		8A09DB6611EEB3500079B0C7 /* PartSwitch.h */ = {isa = PBXFileReference; fileEncoding = 4; lastKnownFileType = sourcecode.c.h; path = PartSwitch.h; sourceTree = "<group>"; };
		8A09DB6711EEB3500079B0C7 /* PartSwitch.m */ = {isa = PBXFileReference; fileEncoding = 4; lastKnownFileType = sourcecode.c.objc; path = PartSwitch.m; sourceTree = "<group>"; };
		8A09DB7711EEBB020079B0C7 /* PartAND.h */ = {isa = PBXFileReference; fileEncoding = 4; lastKnownFileType = sourcecode.c.h; path = PartAND.h; sourceTree = "<group>"; };
		8A09DB7811EEBB020079B0C7 /* PartAND.m */ = {isa = PBXFileReference; fileEncoding = 4; lastKnownFileType = sourcecode.c.objc; path = PartAND.m; sourceTree = "<group>"; };
		8A0BF74111DAFC920065BF45 /* Logical-Info.plist */ = {isa = PBXFileReference; fileEncoding = 4; lastKnownFileType = text.plist.xml; path = "Logical-Info.plist"; sourceTree = "<group>"; };
		8A0BF74311DAFC9A0065BF45 /* Logical_Prefix.pch */ = {isa = PBXFileReference; fileEncoding = 4; lastKnownFileType = sourcecode.c.h; path = Logical_Prefix.pch; sourceTree = "<group>"; };
		8A0BF74611DAFCA70065BF45 /* Grid.xib */ = {isa = PBXFileReference; lastKnownFileType = file.xib; path = Grid.xib; sourceTree = "<group>"; };
		8A0BF74811DAFCB20065BF45 /* GridController.h */ = {isa = PBXFileReference; fileEncoding = 4; lastKnownFileType = sourcecode.c.h; path = GridController.h; sourceTree = "<group>"; };
		8A0BF74911DAFCB20065BF45 /* GridController.m */ = {isa = PBXFileReference; fileEncoding = 4; lastKnownFileType = sourcecode.c.objc; path = GridController.m; sourceTree = "<group>"; };
		8A0BF74A11DAFCB20065BF45 /* GridView.h */ = {isa = PBXFileReference; fileEncoding = 4; lastKnownFileType = sourcecode.c.h; path = GridView.h; sourceTree = "<group>"; };
		8A0BF74B11DAFCB20065BF45 /* GridView.m */ = {isa = PBXFileReference; fileEncoding = 4; lastKnownFileType = sourcecode.c.objc; path = GridView.m; sourceTree = "<group>"; };
		8A0BF7E611DB08FF0065BF45 /* Components.h */ = {isa = PBXFileReference; fileEncoding = 4; lastKnownFileType = sourcecode.c.h; path = Components.h; sourceTree = "<group>"; };
		8A0BF7E711DB08FF0065BF45 /* Components.m */ = {isa = PBXFileReference; fileEncoding = 4; lastKnownFileType = sourcecode.c.objc; path = Components.m; sourceTree = "<group>"; };
		8A0BF7E811DB08FF0065BF45 /* Components.xib */ = {isa = PBXFileReference; lastKnownFileType = file.xib; name = Components.xib; path = Classes/Components.xib; sourceTree = "<group>"; };
		8A0BF80B11DB119F0065BF45 /* Part.h */ = {isa = PBXFileReference; fileEncoding = 4; lastKnownFileType = sourcecode.c.h; path = Part.h; sourceTree = "<group>"; };
		8A0BF80C11DB119F0065BF45 /* Part.m */ = {isa = PBXFileReference; fileEncoding = 4; lastKnownFileType = sourcecode.c.objc; path = Part.m; sourceTree = "<group>"; };
		8A12462311ED4ADC00975AE7 /* CoreText.framework */ = {isa = PBXFileReference; lastKnownFileType = wrapper.framework; name = CoreText.framework; path = System/Library/Frameworks/CoreText.framework; sourceTree = SDKROOT; };
		8A44E3F411F2557B00474B44 /* CustomUISwitch.h */ = {isa = PBXFileReference; fileEncoding = 4; lastKnownFileType = sourcecode.c.h; path = CustomUISwitch.h; sourceTree = "<group>"; };
		8A44E3F511F2557B00474B44 /* CustomUISwitch.m */ = {isa = PBXFileReference; fileEncoding = 4; lastKnownFileType = sourcecode.c.objc; path = CustomUISwitch.m; sourceTree = "<group>"; };
		8A44E3F711F2558E00474B44 /* NC_OFF.png */ = {isa = PBXFileReference; lastKnownFileType = image.png; path = NC_OFF.png; sourceTree = "<group>"; };
		8A44E3F811F2558E00474B44 /* NC_ON.png */ = {isa = PBXFileReference; lastKnownFileType = image.png; path = NC_ON.png; sourceTree = "<group>"; };
		8A44E3F911F2558E00474B44 /* NC_SWITCH.png */ = {isa = PBXFileReference; lastKnownFileType = image.png; path = NC_SWITCH.png; sourceTree = "<group>"; };
		8A44E3FA11F2558E00474B44 /* NO_OFF.png */ = {isa = PBXFileReference; lastKnownFileType = image.png; path = NO_OFF.png; sourceTree = "<group>"; };
		8A44E3FB11F2558E00474B44 /* NO_ON.png */ = {isa = PBXFileReference; lastKnownFileType = image.png; path = NO_ON.png; sourceTree = "<group>"; };
		8A44E44B11F25A3F00474B44 /* NO_SWITCH.png */ = {isa = PBXFileReference; lastKnownFileType = image.png; path = NO_SWITCH.png; sourceTree = "<group>"; };
		8A53577711DDAB3E00E66C9F /* Colours.h */ = {isa = PBXFileReference; fileEncoding = 4; lastKnownFileType = sourcecode.c.h; name = Colours.h; path = Classes/Colours.h; sourceTree = "<group>"; };
		8A53577811DDAB3E00E66C9F /* Colours.m */ = {isa = PBXFileReference; fileEncoding = 4; lastKnownFileType = sourcecode.c.objc; name = Colours.m; path = Classes/Colours.m; sourceTree = "<group>"; };
		8A59ADF211C807E600BDBF8C /* SynthesizeSingleton.h */ = {isa = PBXFileReference; fileEncoding = 4; lastKnownFileType = sourcecode.c.h; path = SynthesizeSingleton.h; sourceTree = "<group>"; };
		8A6FCFFF11E2C1ED0028C2E3 /* GridScrollView.h */ = {isa = PBXFileReference; fileEncoding = 4; lastKnownFileType = sourcecode.c.h; name = GridScrollView.h; path = Classes/GridScrollView.h; sourceTree = "<group>"; };
		8A6FD00011E2C1ED0028C2E3 /* GridScrollView.m */ = {isa = PBXFileReference; fileEncoding = 4; lastKnownFileType = sourcecode.c.objc; name = GridScrollView.m; path = Classes/GridScrollView.m; sourceTree = "<group>"; };
		8AA5CFCA11D5994E0072F787 /* QuartzCore.framework */ = {isa = PBXFileReference; lastKnownFileType = wrapper.framework; name = QuartzCore.framework; path = System/Library/Frameworks/QuartzCore.framework; sourceTree = SDKROOT; };
/* End PBXFileReference section */

/* Begin PBXFrameworksBuildPhase section */
		1D60588F0D05DD3D006BFB54 /* Frameworks */ = {
			isa = PBXFrameworksBuildPhase;
			buildActionMask = 2147483647;
			files = (
				1D60589F0D05DD5A006BFB54 /* Foundation.framework in Frameworks */,
				1DF5F4E00D08C38300B7A737 /* UIKit.framework in Frameworks */,
				288765FD0DF74451002DB57D /* CoreGraphics.framework in Frameworks */,
				8AA5CFCB11D5994E0072F787 /* QuartzCore.framework in Frameworks */,
				8A12462411ED4ADC00975AE7 /* CoreText.framework in Frameworks */,
			);
			runOnlyForDeploymentPostprocessing = 0;
		};
/* End PBXFrameworksBuildPhase section */

/* Begin PBXGroup section */
		080E96DDFE201D6D7F000001 /* Classes */ = {
			isa = PBXGroup;
			children = (
				8A09DB5111EEB19D0079B0C7 /* App */,
				8A09DB4F11EEB13B0079B0C7 /* Parts */,
				8A09DB4E11EEB12B0079B0C7 /* Canvas */,
			);
			path = Classes;
			sourceTree = "<group>";
		};
		19C28FACFE9D520D11CA2CBB /* Products */ = {
			isa = PBXGroup;
			children = (
				1D6058910D05DD3D006BFB54 /* Logical.app */,
			);
			name = Products;
			sourceTree = "<group>";
		};
		29B97314FDCFA39411CA2CEA /* CustomTemplate */ = {
			isa = PBXGroup;
			children = (
				080E96DDFE201D6D7F000001 /* Classes */,
				8A09DB5011EEB1880079B0C7 /* Defunct */,
				29B97315FDCFA39411CA2CEA /* Other Sources */,
				29B97317FDCFA39411CA2CEA /* Resources */,
				29B97323FDCFA39411CA2CEA /* Frameworks */,
				19C28FACFE9D520D11CA2CBB /* Products */,
			);
			name = CustomTemplate;
			sourceTree = "<group>";
		};
		29B97315FDCFA39411CA2CEA /* Other Sources */ = {
			isa = PBXGroup;
			children = (
				8A09DB5211EEB1AA0079B0C7 /* Utility */,
				8A53577711DDAB3E00E66C9F /* Colours.h */,
				8A53577811DDAB3E00E66C9F /* Colours.m */,
				8A0BF74311DAFC9A0065BF45 /* Logical_Prefix.pch */,
				8A59ADF211C807E600BDBF8C /* SynthesizeSingleton.h */,
				29B97316FDCFA39411CA2CEA /* main.m */,
			);
			name = "Other Sources";
			sourceTree = "<group>";
		};
		29B97317FDCFA39411CA2CEA /* Resources */ = {
			isa = PBXGroup;
			children = (
				8A44E3F711F2558E00474B44 /* NC_OFF.png */,
				8A44E3F811F2558E00474B44 /* NC_ON.png */,
				8A44E3F911F2558E00474B44 /* NC_SWITCH.png */,
				8A44E3FA11F2558E00474B44 /* NO_OFF.png */,
				8A44E44B11F25A3F00474B44 /* NO_SWITCH.png */,
				8A44E3FB11F2558E00474B44 /* NO_ON.png */,
				8A0BF7E811DB08FF0065BF45 /* Components.xib */,
				8A0BF74111DAFC920065BF45 /* Logical-Info.plist */,
				28AD733E0D9D9553002E5188 /* MainWindow.xib */,
				8A0BF74611DAFCA70065BF45 /* Grid.xib */,
			);
			name = Resources;
			sourceTree = "<group>";
		};
		29B97323FDCFA39411CA2CEA /* Frameworks */ = {
			isa = PBXGroup;
			children = (
				8A12462311ED4ADC00975AE7 /* CoreText.framework */,
				8AA5CFCA11D5994E0072F787 /* QuartzCore.framework */,
				1DF5F4DF0D08C38300B7A737 /* UIKit.framework */,
				1D30AB110D05D00D00671497 /* Foundation.framework */,
				288765FC0DF74451002DB57D /* CoreGraphics.framework */,
			);
			name = Frameworks;
			sourceTree = "<group>";
		};
		8A09DB4E11EEB12B0079B0C7 /* Canvas */ = {
			isa = PBXGroup;
			children = (
				8A0BF74811DAFCB20065BF45 /* GridController.h */,
				8A0BF74911DAFCB20065BF45 /* GridController.m */,
				8A0BF74A11DAFCB20065BF45 /* GridView.h */,
				8A0BF74B11DAFCB20065BF45 /* GridView.m */,
			);
			name = Canvas;
			sourceTree = "<group>";
		};
		8A09DB4F11EEB13B0079B0C7 /* Parts */ = {
			isa = PBXGroup;
			children = (
				8A0BF80B11DB119F0065BF45 /* Part.h */,
				8A0BF80C11DB119F0065BF45 /* Part.m */,
				8A09DB6611EEB3500079B0C7 /* PartSwitch.h */,
				8A09DB6711EEB3500079B0C7 /* PartSwitch.m */,
				8A09DB7711EEBB020079B0C7 /* PartAND.h */,
				8A09DB7811EEBB020079B0C7 /* PartAND.m */,
			);
			name = Parts;
			sourceTree = "<group>";
		};
		8A09DB5011EEB1880079B0C7 /* Defunct */ = {
			isa = PBXGroup;
			children = (
				8A0BF7E611DB08FF0065BF45 /* Components.h */,
				8A0BF7E711DB08FF0065BF45 /* Components.m */,
			);
			name = Defunct;
			path = Classes;
			sourceTree = "<group>";
		};
		8A09DB5111EEB19D0079B0C7 /* App */ = {
			isa = PBXGroup;
			children = (
				1D3623240D0F684500981E51 /* AppDelegate.h */,
				1D3623250D0F684500981E51 /* AppDelegate.m */,
			);
			name = App;
			sourceTree = "<group>";
		};
		8A09DB5211EEB1AA0079B0C7 /* Utility */ = {
			isa = PBXGroup;
			children = (
				8A44E3F411F2557B00474B44 /* CustomUISwitch.h */,
				8A44E3F511F2557B00474B44 /* CustomUISwitch.m */,
				8A6FCFFF11E2C1ED0028C2E3 /* GridScrollView.h */,
				8A6FD00011E2C1ED0028C2E3 /* GridScrollView.m */,
			);
			name = Utility;
			sourceTree = "<group>";
		};
/* End PBXGroup section */

/* Begin PBXNativeTarget section */
		1D6058900D05DD3D006BFB54 /* Logical */ = {
			isa = PBXNativeTarget;
			buildConfigurationList = 1D6058960D05DD3E006BFB54 /* Build configuration list for PBXNativeTarget "Logical" */;
			buildPhases = (
				1D60588D0D05DD3D006BFB54 /* Resources */,
				1D60588E0D05DD3D006BFB54 /* Sources */,
				1D60588F0D05DD3D006BFB54 /* Frameworks */,
			);
			buildRules = (
			);
			dependencies = (
			);
			name = Logical;
			productName = "Stellar Masters";
			productReference = 1D6058910D05DD3D006BFB54 /* Logical.app */;
			productType = "com.apple.product-type.application";
		};
/* End PBXNativeTarget section */

/* Begin PBXProject section */
		29B97313FDCFA39411CA2CEA /* Project object */ = {
			isa = PBXProject;
			buildConfigurationList = C01FCF4E08A954540054247B /* Build configuration list for PBXProject "Logical" */;
			compatibilityVersion = "Xcode 3.2";
			hasScannedForEncodings = 1;
			mainGroup = 29B97314FDCFA39411CA2CEA /* CustomTemplate */;
			projectDirPath = "";
			projectRoot = "";
			targets = (
				1D6058900D05DD3D006BFB54 /* Logical */,
			);
		};
/* End PBXProject section */

/* Begin PBXResourcesBuildPhase section */
		1D60588D0D05DD3D006BFB54 /* Resources */ = {
			isa = PBXResourcesBuildPhase;
			buildActionMask = 2147483647;
			files = (
				28AD733F0D9D9553002E5188 /* MainWindow.xib in Resources */,
				8A0BF74711DAFCA70065BF45 /* Grid.xib in Resources */,
				8A0BF7EA11DB08FF0065BF45 /* Components.xib in Resources */,
				8A44E3FD11F2558E00474B44 /* NC_OFF.png in Resources */,
				8A44E3FE11F2558E00474B44 /* NC_ON.png in Resources */,
				8A44E3FF11F2558E00474B44 /* NC_SWITCH.png in Resources */,
				8A44E40011F2558E00474B44 /* NO_OFF.png in Resources */,
				8A44E40111F2558E00474B44 /* NO_ON.png in Resources */,
				8A44E44C11F25A3F00474B44 /* NO_SWITCH.png in Resources */,
			);
			runOnlyForDeploymentPostprocessing = 0;
		};
/* End PBXResourcesBuildPhase section */

/* Begin PBXSourcesBuildPhase section */
		1D60588E0D05DD3D006BFB54 /* Sources */ = {
			isa = PBXSourcesBuildPhase;
			buildActionMask = 2147483647;
			files = (
				1D60589B0D05DD56006BFB54 /* main.m in Sources */,
				1D3623260D0F684500981E51 /* AppDelegate.m in Sources */,
				8A0BF74C11DAFCB20065BF45 /* GridController.m in Sources */,
				8A0BF74D11DAFCB20065BF45 /* GridView.m in Sources */,
				8A0BF7E911DB08FF0065BF45 /* Components.m in Sources */,
				8A0BF80D11DB119F0065BF45 /* Part.m in Sources */,
				8A53577911DDAB3E00E66C9F /* Colours.m in Sources */,
				8A6FD00111E2C1ED0028C2E3 /* GridScrollView.m in Sources */,
				8A09DB6811EEB3500079B0C7 /* PartSwitch.m in Sources */,
				8A09DB7911EEBB020079B0C7 /* PartAND.m in Sources */,
				8A44E3F611F2557B00474B44 /* CustomUISwitch.m in Sources */,
			);
			runOnlyForDeploymentPostprocessing = 0;
		};
/* End PBXSourcesBuildPhase section */

/* Begin XCBuildConfiguration section */
		1D6058940D05DD3E006BFB54 /* Debug */ = {
			isa = XCBuildConfiguration;
			buildSettings = {
				ALWAYS_SEARCH_USER_PATHS = NO;
				COPY_PHASE_STRIP = NO;
				GCC_DYNAMIC_NO_PIC = NO;
				GCC_OPTIMIZATION_LEVEL = 0;
				GCC_PRECOMPILE_PREFIX_HEADER = YES;
				GCC_PREFIX_HEADER = Logical_Prefix.pch;
				INFOPLIST_FILE = "Logical-Info.plist";
				PRODUCT_NAME = Logical;
			};
			name = Debug;
		};
		1D6058950D05DD3E006BFB54 /* Release */ = {
			isa = XCBuildConfiguration;
			buildSettings = {
				ALWAYS_SEARCH_USER_PATHS = NO;
				COPY_PHASE_STRIP = YES;
				GCC_PRECOMPILE_PREFIX_HEADER = YES;
				GCC_PREFIX_HEADER = Logical_Prefix.pch;
				INFOPLIST_FILE = "Logical-Info.plist";
				PRODUCT_NAME = Logical;
				VALIDATE_PRODUCT = YES;
			};
			name = Release;
		};
		C01FCF4F08A954540054247B /* Debug */ = {
			isa = XCBuildConfiguration;
			buildSettings = {
				"ARCHS[sdk=iphoneos*]" = armv7;
				"ARCHS[sdk=iphonesimulator*]" = i386;
				"CODE_SIGN_IDENTITY[sdk=iphoneos*]" = "iPhone Developer";
				GCC_C_LANGUAGE_STANDARD = c99;
				GCC_WARN_ABOUT_RETURN_TYPE = YES;
				GCC_WARN_UNUSED_VARIABLE = YES;
				PREBINDING = NO;
				SDKROOT = iphoneos3.2;
				TARGETED_DEVICE_FAMILY = 2;
			};
			name = Debug;
		};
		C01FCF5008A954540054247B /* Release */ = {
			isa = XCBuildConfiguration;
			buildSettings = {
				"ARCHS[sdk=iphoneos*]" = armv7;
				"ARCHS[sdk=iphonesimulator*]" = i386;
				"CODE_SIGN_IDENTITY[sdk=iphoneos*]" = "iPhone Developer";
				GCC_C_LANGUAGE_STANDARD = c99;
				GCC_WARN_ABOUT_RETURN_TYPE = YES;
				GCC_WARN_UNUSED_VARIABLE = YES;
				OTHER_CFLAGS = "-DNS_BLOCK_ASSERTIONS=1";
				PREBINDING = NO;
				SDKROOT = iphoneos3.2;
				TARGETED_DEVICE_FAMILY = 2;
			};
			name = Release;
		};
/* End XCBuildConfiguration section */

/* Begin XCConfigurationList section */
		1D6058960D05DD3E006BFB54 /* Build configuration list for PBXNativeTarget "Logical" */ = {
			isa = XCConfigurationList;
			buildConfigurations = (
				1D6058940D05DD3E006BFB54 /* Debug */,
				1D6058950D05DD3E006BFB54 /* Release */,
			);
			defaultConfigurationIsVisible = 0;
			defaultConfigurationName = Release;
		};
		C01FCF4E08A954540054247B /* Build configuration list for PBXProject "Logical" */ = {
			isa = XCConfigurationList;
			buildConfigurations = (
				C01FCF4F08A954540054247B /* Debug */,
				C01FCF5008A954540054247B /* Release */,
			);
			defaultConfigurationIsVisible = 0;
			defaultConfigurationName = Release;
		};
/* End XCConfigurationList section */
	};
	rootObject = 29B97313FDCFA39411CA2CEA /* Project object */;
}
